{
    "_readme": [
        "This file locks the dependencies of your project to a known state",
        "Read more about it at https://getcomposer.org/doc/01-basic-usage.md#installing-dependencies",
        "This file is @generated automatically"
    ],
    "content-hash": "1c89c073f16c0c734cb07d833f444f70",
    "packages": [
        {
            "name": "azuyalabs/yasumi",
            "version": "2.10.0",
            "source": {
                "type": "git",
                "url": "https://github.com/azuyalabs/yasumi.git",
                "reference": "b9b26a70c3e0ba0b39723e7b756787bff4348536"
            },
            "dist": {
                "type": "zip",
                "url": "https://api.github.com/repos/azuyalabs/yasumi/zipball/b9b26a70c3e0ba0b39723e7b756787bff4348536",
                "reference": "b9b26a70c3e0ba0b39723e7b756787bff4348536",
                "shasum": ""
            },
            "require": {
                "ext-json": "*",
                "php": ">=8.2"
            },
            "require-dev": {
                "azuyalabs/php-cs-fixer-config": "^0.3",
                "ext-intl": "*",
                "mikey179/vfsstream": "^1.6",
                "phpstan/phpstan": "^2.1",
                "phpstan/phpstan-deprecation-rules": "^2.0",
                "phpunit/phpunit": "^8.5 || ^9.6"
            },
            "suggest": {
                "ext-calendar": "For calculating the date of Easter"
            },
            "type": "library",
            "autoload": {
                "psr-4": {
                    "Yasumi\\": "src/Yasumi/"
                }
            },
            "notification-url": "https://packagist.org/downloads/",
            "license": [
                "MIT"
            ],
            "authors": [
                {
                    "name": "Sacha Telgenhof",
                    "email": "me@sachatelgenhof.com",
                    "homepage": "https://www.sachatelgenhof.com",
                    "role": "Maintainer"
                }
            ],
            "description": "The easy PHP Library for calculating holidays",
            "homepage": "https://www.yasumi.dev",
            "keywords": [
                "Bank",
                "calculation",
                "calendar",
                "celebration",
                "date",
                "holiday",
                "holidays",
                "national",
                "time"
            ],
            "support": {
                "docs": "https://www.yasumi.dev",
                "issues": "https://github.com/azuyalabs/yasumi/issues",
                "source": "https://github.com/azuyalabs/yasumi"
            },
            "funding": [
                {
                    "url": "https://www.buymeacoffee.com/sachatelgenhof",
                    "type": "other"
                }
            ],
            "time": "2026-01-22T12:18:00+00:00"
        }
    ],
    "packages-dev": [],
    "aliases": [],
    "minimum-stability": "dev",
    "stability-flags": [],
    "prefer-stable": true,
    "prefer-lowest": false,
    "platform": [],
    "platform-dev": [],
    "plugin-api-version": "2.6.0"
}
